
Microsoft Visual Studio Solution File, Format Version 12.00
# Visual Studio Version 17
VisualStudioVersion = 17.4.33205.214
MinimumVisualStudioVersion = 10.0.40219.1
Project("{8BC9CEB8-8B4A-11D0-8D11-00A0C91BC942}") = "Task Agregaciya i kompoziciya", "Task Agregaciya i kompoziciya\Task Agregaciya i kompoziciya.vcxproj", "{CA8B806A-EDE2-4604-BF07-703497D7BBAE}"
EndProject
Global
	GlobalSection(SolutionConfigurationPlatforms) = preSolution
		Debug|x64 = Debug|x64
		Debug|x86 = Debug|x86
		Release|x64 = Release|x64
		Release|x86 = Release|x86
	EndGlobalSection
	GlobalSection(ProjectConfigurationPlatforms) = postSolution
		{CA8B806A-EDE2-4604-BF07-703497D7BBAE}.Debug|x64.ActiveCfg = Debug|x64
		{CA8B806A-EDE2-4604-BF07-703497D7BBAE}.Debug|x64.Build.0 = Debug|x64
		{CA8B806A-EDE2-4604-BF07-703497D7BBAE}.Debug|x86.ActiveCfg = Debug|Win32
		{CA8B806A-EDE2-4604-BF07-703497D7BBAE}.Debug|x86.Build.0 = Debug|Win32
		{CA8B806A-EDE2-4604-BF07-703497D7BBAE}.Release|x64.ActiveCfg = Release|x64
		{CA8B806A-EDE2-4604-BF07-703497D7BBAE}.Release|x64.Build.0 = Release|x64
		{CA8B806A-EDE2-4604-BF07-703497D7BBAE}.Release|x86.ActiveCfg = Release|Win32
		{CA8B806A-EDE2-4604-BF07-703497D7BBAE}.Release|x86.Build.0 = Release|Win32
	EndGlobalSection
	GlobalSection(SolutionProperties) = preSolution
		HideSolutionNode = FALSE
	EndGlobalSection
	GlobalSection(ExtensibilityGlobals) = postSolution
		SolutionGuid = {6E3080AF-97E8-49E1-9D88-63B885D703C8}
	EndGlobalSection
EndGlobal
